// !$*UTF8*$!
{
	archiveVersion = 1;
	classes = {
	};
	objectVersion = 48;
	objects = {

/* Begin PBXBuildFile section */
		0B33DB25EE238D6EAED40BED /* libPods-PGDatePickerMode.a in Frameworks */ = {isa = PBXBuildFile; fileRef = 0A445E5B05F101A366B0E779 /* libPods-PGDatePickerMode.a */; };
		78A9100920AD25A900095340 /* AppDelegate.m in Sources */ = {isa = PBXBuildFile; fileRef = 78A9100820AD25A900095340 /* AppDelegate.m */; };
		78A9100C20AD25A900095340 /* ViewController.m in Sources */ = {isa = PBXBuildFile; fileRef = 78A9100B20AD25A900095340 /* ViewController.m */; };
		78A9100F20AD25A900095340 /* Main.storyboard in Resources */ = {isa = PBXBuildFile; fileRef = 78A9100D20AD25A900095340 /* Main.storyboard */; };
		78A9101120AD25A900095340 /* Assets.xcassets in Resources */ = {isa = PBXBuildFile; fileRef = 78A9101020AD25A900095340 /* Assets.xcassets */; };
		78A9101420AD25A900095340 /* LaunchScreen.storyboard in Resources */ = {isa = PBXBuildFile; fileRef = 78A9101220AD25A900095340 /* LaunchScreen.storyboard */; };
		78A9101720AD25A900095340 /* main.m in Sources */ = {isa = PBXBuildFile; fileRef = 78A9101620AD25A900095340 /* main.m */; };
		78A9102120AD25A900095340 /* PGDatePickerModeTests.m in Sources */ = {isa = PBXBuildFile; fileRef = 78A9102020AD25A900095340 /* PGDatePickerModeTests.m */; };
		78A9102C20AD25A900095340 /* PGDatePickerModeUITests.m in Sources */ = {isa = PBXBuildFile; fileRef = 78A9102B20AD25A900095340 /* PGDatePickerModeUITests.m */; };
/* End PBXBuildFile section */

/* Begin PBXContainerItemProxy section */
		78A9101D20AD25A900095340 /* PBXContainerItemProxy */ = {
			isa = PBXContainerItemProxy;
			containerPortal = 78A90FFC20AD25A900095340 /* Project object */;
			proxyType = 1;
			remoteGlobalIDString = 78A9100320AD25A900095340;
			remoteInfo = PGDatePickerMode;
		};
		78A9102820AD25A900095340 /* PBXContainerItemProxy */ = {
			isa = PBXContainerItemProxy;
			containerPortal = 78A90FFC20AD25A900095340 /* Project object */;
			proxyType = 1;
			remoteGlobalIDString = 78A9100320AD25A900095340;
			remoteInfo = PGDatePickerMode;
		};
/* End PBXContainerItemProxy section */

/* Begin PBXFileReference section */
		0A445E5B05F101A366B0E779 /* libPods-PGDatePickerMode.a */ = {isa = PBXFileReference; explicitFileType = archive.ar; includeInIndex = 0; path = "libPods-PGDatePickerMode.a"; sourceTree = BUILT_PRODUCTS_DIR; };
		78A9100420AD25A900095340 /* PGDatePickerMode.app */ = {isa = PBXFileReference; explicitFileType = wrapper.application; includeInIndex = 0; path = PGDatePickerMode.app; sourceTree = BUILT_PRODUCTS_DIR; };
		78A9100720AD25A900095340 /* AppDelegate.h */ = {isa = PBXFileReference; lastKnownFileType = sourcecode.c.h; path = AppDelegate.h; sourceTree = "<group>"; };
		78A9100820AD25A900095340 /* AppDelegate.m */ = {isa = PBXFileReference; lastKnownFileType = sourcecode.c.objc; path = AppDelegate.m; sourceTree = "<group>"; };
		78A9100A20AD25A900095340 /* ViewController.h */ = {isa = PBXFileReference; lastKnownFileType = sourcecode.c.h; path = ViewController.h; sourceTree = "<group>"; };
		78A9100B20AD25A900095340 /* ViewController.m */ = {isa = PBXFileReference; lastKnownFileType = sourcecode.c.objc; path = ViewController.m; sourceTree = "<group>"; };
		78A9100E20AD25A900095340 /* Base */ = {isa = PBXFileReference; lastKnownFileType = file.storyboard; name = Base; path = Base.lproj/Main.storyboard; sourceTree = "<group>"; };
		78A9101020AD25A900095340 /* Assets.xcassets */ = {isa = PBXFileReference; lastKnownFileType = folder.assetcatalog; path = Assets.xcassets; sourceTree = "<group>"; };
		78A9101320AD25A900095340 /* Base */ = {isa = PBXFileReference; lastKnownFileType = file.storyboard; name = Base; path = Base.lproj/LaunchScreen.storyboard; sourceTree = "<group>"; };
		78A9101520AD25A900095340 /* Info.plist */ = {isa = PBXFileReference; lastKnownFileType = text.plist.xml; path = Info.plist; sourceTree = "<group>"; };
		78A9101620AD25A900095340 /* main.m */ = {isa = PBXFileReference; lastKnownFileType = sourcecode.c.objc; path = main.m; sourceTree = "<group>"; };
		78A9101C20AD25A900095340 /* PGDatePickerModeTests.xctest */ = {isa = PBXFileReference; explicitFileType = wrapper.cfbundle; includeInIndex = 0; path = PGDatePickerModeTests.xctest; sourceTree = BUILT_PRODUCTS_DIR; };
		78A9102020AD25A900095340 /* PGDatePickerModeTests.m */ = {isa = PBXFileReference; lastKnownFileType = sourcecode.c.objc; path = PGDatePickerModeTests.m; sourceTree = "<group>"; };
		78A9102220AD25A900095340 /* Info.plist */ = {isa = PBXFileReference; lastKnownFileType = text.plist.xml; path = Info.plist; sourceTree = "<group>"; };
		78A9102720AD25A900095340 /* PGDatePickerModeUITests.xctest */ = {isa = PBXFileReference; explicitFileType = wrapper.cfbundle; includeInIndex = 0; path = PGDatePickerModeUITests.xctest; sourceTree = BUILT_PRODUCTS_DIR; };
		78A9102B20AD25A900095340 /* PGDatePickerModeUITests.m */ = {isa = PBXFileReference; lastKnownFileType = sourcecode.c.objc; path = PGDatePickerModeUITests.m; sourceTree = "<group>"; };
		78A9102D20AD25A900095340 /* Info.plist */ = {isa = PBXFileReference; lastKnownFileType = text.plist.xml; path = Info.plist; sourceTree = "<group>"; };
		9569D85959EE22F4D5E768FF /* Pods-PGDatePickerMode.debug.xcconfig */ = {isa = PBXFileReference; includeInIndex = 1; lastKnownFileType = text.xcconfig; name = "Pods-PGDatePickerMode.debug.xcconfig"; path = "Pods/Target Support Files/Pods-PGDatePickerMode/Pods-PGDatePickerMode.debug.xcconfig"; sourceTree = "<group>"; };
		9FE27FACE6CC3B67D677879E /* Pods-PGDatePickerMode.release.xcconfig */ = {isa = PBXFileReference; includeInIndex = 1; lastKnownFileType = text.xcconfig; name = "Pods-PGDatePickerMode.release.xcconfig"; path = "Pods/Target Support Files/Pods-PGDatePickerMode/Pods-PGDatePickerMode.release.xcconfig"; sourceTree = "<group>"; };
/* End PBXFileReference section */

/* Begin PBXFrameworksBuildPhase section */
		78A9100120AD25A900095340 /* Frameworks */ = {
			isa = PBXFrameworksBuildPhase;
			buildActionMask = 2147483647;
			files = (
				0B33DB25EE238D6EAED40BED /* libPods-PGDatePickerMode.a in Frameworks */,
			);
			runOnlyForDeploymentPostprocessing = 0;
		};
		78A9101920AD25A900095340 /* Frameworks */ = {
			isa = PBXFrameworksBuildPhase;
			buildActionMask = 2147483647;
			files = (
			);
			runOnlyForDeploymentPostprocessing = 0;
		};
		78A9102420AD25A900095340 /* Frameworks */ = {
			isa = PBXFrameworksBuildPhase;
			buildActionMask = 2147483647;
			files = (
			);
			runOnlyForDeploymentPostprocessing = 0;
		};
/* End PBXFrameworksBuildPhase section */

/* Begin PBXGroup section */
		67E9DE6B89F4E2D9584AC35E /* Frameworks */ = {
			isa = PBXGroup;
			children = (
				0A445E5B05F101A366B0E779 /* libPods-PGDatePickerMode.a */,
			);
			name = Frameworks;
			sourceTree = "<group>";
		};
		78A90FFB20AD25A900095340 = {
			isa = PBXGroup;
			children = (
				78A9100620AD25A900095340 /* PGDatePickerMode */,
				78A9101F20AD25A900095340 /* PGDatePickerModeTests */,
				78A9102A20AD25A900095340 /* PGDatePickerModeUITests */,
				78A9100520AD25A900095340 /* Products */,
				C02EC57DEB338FF96F9E60B3 /* Pods */,
				67E9DE6B89F4E2D9584AC35E /* Frameworks */,
			);
			sourceTree = "<group>";
		};
		78A9100520AD25A900095340 /* Products */ = {
			isa = PBXGroup;
			children = (
				78A9100420AD25A900095340 /* PGDatePickerMode.app */,
				78A9101C20AD25A900095340 /* PGDatePickerModeTests.xctest */,
				78A9102720AD25A900095340 /* PGDatePickerModeUITests.xctest */,
			);
			name = Products;
			sourceTree = "<group>";
		};
		78A9100620AD25A900095340 /* PGDatePickerMode */ = {
			isa = PBXGroup;
			children = (
				78A9100720AD25A900095340 /* AppDelegate.h */,
				78A9100820AD25A900095340 /* AppDelegate.m */,
				78A9100A20AD25A900095340 /* ViewController.h */,
				78A9100B20AD25A900095340 /* ViewController.m */,
				78A9100D20AD25A900095340 /* Main.storyboard */,
				78A9101020AD25A900095340 /* Assets.xcassets */,
				78A9101220AD25A900095340 /* LaunchScreen.storyboard */,
				78A9101520AD25A900095340 /* Info.plist */,
				78A9101620AD25A900095340 /* main.m */,
			);
			path = PGDatePickerMode;
			sourceTree = "<group>";
		};
		78A9101F20AD25A900095340 /* PGDatePickerModeTests */ = {
			isa = PBXGroup;
			children = (
				78A9102020AD25A900095340 /* PGDatePickerModeTests.m */,
				78A9102220AD25A900095340 /* Info.plist */,
			);
			path = PGDatePickerModeTests;
			sourceTree = "<group>";
		};
		78A9102A20AD25A900095340 /* PGDatePickerModeUITests */ = {
			isa = PBXGroup;
			children = (
				78A9102B20AD25A900095340 /* PGDatePickerModeUITests.m */,
				78A9102D20AD25A900095340 /* Info.plist */,
			);
			path = PGDatePickerModeUITests;
			sourceTree = "<group>";
		};
		C02EC57DEB338FF96F9E60B3 /* Pods */ = {
			isa = PBXGroup;
			children = (
				9569D85959EE22F4D5E768FF /* Pods-PGDatePickerMode.debug.xcconfig */,
				9FE27FACE6CC3B67D677879E /* Pods-PGDatePickerMode.release.xcconfig */,
			);
			name = Pods;
			sourceTree = "<group>";
		};
/* End PBXGroup section */

/* Begin PBXNativeTarget section */
		78A9100320AD25A900095340 /* PGDatePickerMode */ = {
			isa = PBXNativeTarget;
			buildConfigurationList = 78A9103020AD25A900095340 /* Build configuration list for PBXNativeTarget "PGDatePickerMode" */;
			buildPhases = (
				C4AC62C8B21BD8D9411C4CCC /* [CP] Check Pods Manifest.lock */,
				78A9100020AD25A900095340 /* Sources */,
				78A9100120AD25A900095340 /* Frameworks */,
				78A9100220AD25A900095340 /* Resources */,
				03DDE437BAD35703C091509B /* [CP] Copy Pods Resources */,
			);
			buildRules = (
			);
			dependencies = (
			);
			name = PGDatePickerMode;
			productName = PGDatePickerMode;
			productReference = 78A9100420AD25A900095340 /* PGDatePickerMode.app */;
			productType = "com.apple.product-type.application";
		};
		78A9101B20AD25A900095340 /* PGDatePickerModeTests */ = {
			isa = PBXNativeTarget;
			buildConfigurationList = 78A9103320AD25A900095340 /* Build configuration list for PBXNativeTarget "PGDatePickerModeTests" */;
			buildPhases = (
				78A9101820AD25A900095340 /* Sources */,
				78A9101920AD25A900095340 /* Frameworks */,
				78A9101A20AD25A900095340 /* Resources */,
			);
			buildRules = (
			);
			dependencies = (
				78A9101E20AD25A900095340 /* PBXTargetDependency */,
			);
			name = PGDatePickerModeTests;
			productName = PGDatePickerModeTests;
			productReference = 78A9101C20AD25A900095340 /* PGDatePickerModeTests.xctest */;
			productType = "com.apple.product-type.bundle.unit-test";
		};
		78A9102620AD25A900095340 /* PGDatePickerModeUITests */ = {
			isa = PBXNativeTarget;
			buildConfigurationList = 78A9103620AD25A900095340 /* Build configuration list for PBXNativeTarget "PGDatePickerModeUITests" */;
			buildPhases = (
				78A9102320AD25A900095340 /* Sources */,
				78A9102420AD25A900095340 /* Frameworks */,
				78A9102520AD25A900095340 /* Resources */,
			);
			buildRules = (
			);
			dependencies = (
				78A9102920AD25A900095340 /* PBXTargetDependency */,
			);
			name = PGDatePickerModeUITests;
			productName = PGDatePickerModeUITests;
			productReference = 78A9102720AD25A900095340 /* PGDatePickerModeUITests.xctest */;
			productType = "com.apple.product-type.bundle.ui-testing";
		};
/* End PBXNativeTarget section */

/* Begin PBXProject section */
		78A90FFC20AD25A900095340 /* Project object */ = {
			isa = PBXProject;
			attributes = {
				LastUpgradeCheck = 0920;
				ORGANIZATIONNAME = qdc;
				TargetAttributes = {
					78A9100320AD25A900095340 = {
						CreatedOnToolsVersion = 9.2;
						ProvisioningStyle = Automatic;
					};
					78A9101B20AD25A900095340 = {
						CreatedOnToolsVersion = 9.2;
						ProvisioningStyle = Automatic;
						TestTargetID = 78A9100320AD25A900095340;
					};
					78A9102620AD25A900095340 = {
						CreatedOnToolsVersion = 9.2;
						ProvisioningStyle = Automatic;
						TestTargetID = 78A9100320AD25A900095340;
					};
				};
			};
			buildConfigurationList = 78A90FFF20AD25A900095340 /* Build configuration list for PBXProject "PGDatePickerMode" */;
			compatibilityVersion = "Xcode 8.0";
			developmentRegion = en;
			hasScannedForEncodings = 0;
			knownRegions = (
				en,
				Base,
			);
			mainGroup = 78A90FFB20AD25A900095340;
			productRefGroup = 78A9100520AD25A900095340 /* Products */;
			projectDirPath = "";
			projectRoot = "";
			targets = (
				78A9100320AD25A900095340 /* PGDatePickerMode */,
				78A9101B20AD25A900095340 /* PGDatePickerModeTests */,
				78A9102620AD25A900095340 /* PGDatePickerModeUITests */,
			);
		};
/* End PBXProject section */

/* Begin PBXResourcesBuildPhase section */
		78A9100220AD25A900095340 /* Resources */ = {
			isa = PBXResourcesBuildPhase;
			buildActionMask = 2147483647;
			files = (
				78A9101420AD25A900095340 /* LaunchScreen.storyboard in Resources */,
				78A9101120AD25A900095340 /* Assets.xcassets in Resources */,
				78A9100F20AD25A900095340 /* Main.storyboard in Resources */,
			);
			runOnlyForDeploymentPostprocessing = 0;
		};
		78A9101A20AD25A900095340 /* Resources */ = {
			isa = PBXResourcesBuildPhase;
			buildActionMask = 2147483647;
			files = (
			);
			runOnlyForDeploymentPostprocessing = 0;
		};
		78A9102520AD25A900095340 /* Resources */ = {
			isa = PBXResourcesBuildPhase;
			buildActionMask = 2147483647;
			files = (
			);
			runOnlyForDeploymentPostprocessing = 0;
		};
/* End PBXResourcesBuildPhase section */

/* Begin PBXShellScriptBuildPhase section */
		03DDE437BAD35703C091509B /* [CP] Copy Pods Resources */ = {
			isa = PBXShellScriptBuildPhase;
			buildActionMask = 2147483647;
			files = (
			);
			inputPaths = (
				"${SRCROOT}/Pods/Target Support Files/Pods-PGDatePickerMode/Pods-PGDatePickerMode-resources.sh",
				"${PODS_ROOT}/PGDatePicker/PGDatePicker/PGDatePicker.bundle",
			);
			name = "[CP] Copy Pods Resources";
			outputPaths = (
				"${TARGET_BUILD_DIR}/${UNLOCALIZED_RESOURCES_FOLDER_PATH}/PGDatePicker.bundle",
			);
			runOnlyForDeploymentPostprocessing = 0;
			shellPath = /bin/sh;
			shellScript = "\"${SRCROOT}/Pods/Target Support Files/Pods-PGDatePickerMode/Pods-PGDatePickerMode-resources.sh\"\n";
			showEnvVarsInLog = 0;
		};
		C4AC62C8B21BD8D9411C4CCC /* [CP] Check Pods Manifest.lock */ = {
			isa = PBXShellScriptBuildPhase;
			buildActionMask = 2147483647;
			files = (
			);
			inputPaths = (
				"${PODS_PODFILE_DIR_PATH}/Podfile.lock",
				"${PODS_ROOT}/Manifest.lock",
			);
			name = "[CP] Check Pods Manifest.lock";
			outputPaths = (
				"$(DERIVED_FILE_DIR)/Pods-PGDatePickerMode-checkManifestLockResult.txt",
			);
			runOnlyForDeploymentPostprocessing = 0;
			shellPath = /bin/sh;
			shellScript = "diff \"${PODS_PODFILE_DIR_PATH}/Podfile.lock\" \"${PODS_ROOT}/Manifest.lock\" > /dev/null\nif [ $? != 0 ] ; then\n    # print error to STDERR\n    echo \"error: The sandbox is not in sync with the Podfile.lock. Run 'pod install' or update your CocoaPods installation.\" >&2\n    exit 1\nfi\n# This output is used by Xcode 'outputs' to avoid re-running this script phase.\necho \"SUCCESS\" > \"${SCRIPT_OUTPUT_FILE_0}\"\n";
			showEnvVarsInLog = 0;
		};
/* End PBXShellScriptBuildPhase section */

/* Begin PBXSourcesBuildPhase section */
		78A9100020AD25A900095340 /* Sources */ = {
			isa = PBXSourcesBuildPhase;
			buildActionMask = 2147483647;
			files = (
				78A9100C20AD25A900095340 /* ViewController.m in Sources */,
				78A9101720AD25A900095340 /* main.m in Sources */,
				78A9100920AD25A900095340 /* AppDelegate.m in Sources */,
			);
			runOnlyForDeploymentPostprocessing = 0;
		};
		78A9101820AD25A900095340 /* Sources */ = {
			isa = PBXSourcesBuildPhase;
			buildActionMask = 2147483647;
			files = (
				78A9102120AD25A900095340 /* PGDatePickerModeTests.m in Sources */,
			);
			runOnlyForDeploymentPostprocessing = 0;
		};
		78A9102320AD25A900095340 /* Sources */ = {
			isa = PBXSourcesBuildPhase;
			buildActionMask = 2147483647;
			files = (
				78A9102C20AD25A900095340 /* PGDatePickerModeUITests.m in Sources */,
			);
			runOnlyForDeploymentPostprocessing = 0;
		};
/* End PBXSourcesBuildPhase section */

/* Begin PBXTargetDependency section */
		78A9101E20AD25A900095340 /* PBXTargetDependency */ = {
			isa = PBXTargetDependency;
			target = 78A9100320AD25A900095340 /* PGDatePickerMode */;
			targetProxy = 78A9101D20AD25A900095340 /* PBXContainerItemProxy */;
		};
		78A9102920AD25A900095340 /* PBXTargetDependency */ = {
			isa = PBXTargetDependency;
			target = 78A9100320AD25A900095340 /* PGDatePickerMode */;
			targetProxy = 78A9102820AD25A900095340 /* PBXContainerItemProxy */;
		};
/* End PBXTargetDependency section */

/* Begin PBXVariantGroup section */
		78A9100D20AD25A900095340 /* Main.storyboard */ = {
			isa = PBXVariantGroup;
			children = (
				78A9100E20AD25A900095340 /* Base */,
			);
			name = Main.storyboard;
			sourceTree = "<group>";
		};
		78A9101220AD25A900095340 /* LaunchScreen.storyboard */ = {
			isa = PBXVariantGroup;
			children = (
				78A9101320AD25A900095340 /* Base */,
			);
			name = LaunchScreen.storyboard;
			sourceTree = "<group>";
		};
/* End PBXVariantGroup section */

/* Begin XCBuildConfiguration section */
		78A9102E20AD25A900095340 /* Debug */ = {
			isa = XCBuildConfiguration;
			buildSettings = {
				ALWAYS_SEARCH_USER_PATHS = NO;
				CLANG_ANALYZER_NONNULL = YES;
				CLANG_ANALYZER_NUMBER_OBJECT_CONVERSION = YES_AGGRESSIVE;
				CLANG_CXX_LANGUAGE_STANDARD = "gnu++14";
				CLANG_CXX_LIBRARY = "libc++";
				CLANG_ENABLE_MODULES = YES;
				CLANG_ENABLE_OBJC_ARC = YES;
				CLANG_WARN_BLOCK_CAPTURE_AUTORELEASING = YES;
				CLANG_WARN_BOOL_CONVERSION = YES;
				CLANG_WARN_COMMA = YES;
				CLANG_WARN_CONSTANT_CONVERSION = YES;
				CLANG_WARN_DIRECT_OBJC_ISA_USAGE = YES_ERROR;
				CLANG_WARN_DOCUMENTATION_COMMENTS = YES;
				CLANG_WARN_EMPTY_BODY = YES;
				CLANG_WARN_ENUM_CONVERSION = YES;
				CLANG_WARN_INFINITE_RECURSION = YES;
				CLANG_WARN_INT_CONVERSION = YES;
				CLANG_WARN_NON_LITERAL_NULL_CONVERSION = YES;
				CLANG_WARN_OBJC_LITERAL_CONVERSION = YES;
				CLANG_WARN_OBJC_ROOT_CLASS = YES_ERROR;
				CLANG_WARN_RANGE_LOOP_ANALYSIS = YES;
				CLANG_WARN_STRICT_PROTOTYPES = YES;
				CLANG_WARN_SUSPICIOUS_MOVE = YES;
				CLANG_WARN_UNGUARDED_AVAILABILITY = YES_AGGRESSIVE;
				CLANG_WARN_UNREACHABLE_CODE = YES;
				CLANG_WARN__DUPLICATE_METHOD_MATCH = YES;
				CODE_SIGN_IDENTITY = "iPhone Developer";
				COPY_PHASE_STRIP = NO;
				DEBUG_INFORMATION_FORMAT = dwarf;
				ENABLE_STRICT_OBJC_MSGSEND = YES;
				ENABLE_TESTABILITY = YES;
				GCC_C_LANGUAGE_STANDARD = gnu11;
				GCC_DYNAMIC_NO_PIC = NO;
				GCC_NO_COMMON_BLOCKS = YES;
				GCC_OPTIMIZATION_LEVEL = 0;
				GCC_PREPROCESSOR_DEFINITIONS = (
					"DEBUG=1",
					"$(inherited)",
				);
				GCC_WARN_64_TO_32_BIT_CONVERSION = YES;
				GCC_WARN_ABOUT_RETURN_TYPE = YES_ERROR;
				GCC_WARN_UNDECLARED_SELECTOR = YES;
				GCC_WARN_UNINITIALIZED_AUTOS = YES_AGGRESSIVE;
				GCC_WARN_UNUSED_FUNCTION = YES;
				GCC_WARN_UNUSED_VARIABLE = YES;
				IPHONEOS_DEPLOYMENT_TARGET = 11.2;
				MTL_ENABLE_DEBUG_INFO = YES;
				ONLY_ACTIVE_ARCH = YES;
				SDKROOT = iphoneos;
			};
			name = Debug;
		};
		78A9102F20AD25A900095340 /* Release */ = {
			isa = XCBuildConfiguration;
			buildSettings = {
				ALWAYS_SEARCH_USER_PATHS = NO;
				CLANG_ANALYZER_NONNULL = YES;
				CLANG_ANALYZER_NUMBER_OBJECT_CONVERSION = YES_AGGRESSIVE;
				CLANG_CXX_LANGUAGE_STANDARD = "gnu++14";
				CLANG_CXX_LIBRARY = "libc++";
				CLANG_ENABLE_MODULES = YES;
				CLANG_ENABLE_OBJC_ARC = YES;
				CLANG_WARN_BLOCK_CAPTURE_AUTORELEASING = YES;
				CLANG_WARN_BOOL_CONVERSION = YES;
				CLANG_WARN_COMMA = YES;
				CLANG_WARN_CONSTANT_CONVERSION = YES;
				CLANG_WARN_DIRECT_OBJC_ISA_USAGE = YES_ERROR;
				CLANG_WARN_DOCUMENTATION_COMMENTS = YES;
				CLANG_WARN_EMPTY_BODY = YES;
				CLANG_WARN_ENUM_CONVERSION = YES;
				CLANG_WARN_INFINITE_RECURSION = YES;
				CLANG_WARN_INT_CONVERSION = YES;
				CLANG_WARN_NON_LITERAL_NULL_CONVERSION = YES;
				CLANG_WARN_OBJC_LITERAL_CONVERSION = YES;
				CLANG_WARN_OBJC_ROOT_CLASS = YES_ERROR;
				CLANG_WARN_RANGE_LOOP_ANALYSIS = YES;
				CLANG_WARN_STRICT_PROTOTYPES = YES;
				CLANG_WARN_SUSPICIOUS_MOVE = YES;
				CLANG_WARN_UNGUARDED_AVAILABILITY = YES_AGGRESSIVE;
				CLANG_WARN_UNREACHABLE_CODE = YES;
				CLANG_WARN__DUPLICATE_METHOD_MATCH = YES;
				CODE_SIGN_IDENTITY = "iPhone Developer";
				COPY_PHASE_STRIP = NO;
				DEBUG_INFORMATION_FORMAT = "dwarf-with-dsym";
				ENABLE_NS_ASSERTIONS = NO;
				ENABLE_STRICT_OBJC_MSGSEND = YES;
				GCC_C_LANGUAGE_STANDARD = gnu11;
				GCC_NO_COMMON_BLOCKS = YES;
				GCC_WARN_64_TO_32_BIT_CONVERSION = YES;
				GCC_WARN_ABOUT_RETURN_TYPE = YES_ERROR;
				GCC_WARN_UNDECLARED_SELECTOR = YES;
				GCC_WARN_UNINITIALIZED_AUTOS = YES_AGGRESSIVE;
				GCC_WARN_UNUSED_FUNCTION = YES;
				GCC_WARN_UNUSED_VARIABLE = YES;
				IPHONEOS_DEPLOYMENT_TARGET = 11.2;
				MTL_ENABLE_DEBUG_INFO = NO;
				SDKROOT = iphoneos;
				VALIDATE_PRODUCT = YES;
			};
			name = Release;
		};
		78A9103120AD25A900095340 /* Debug */ = {
			isa = XCBuildConfiguration;
			baseConfigurationReference = 9569D85959EE22F4D5E768FF /* Pods-PGDatePickerMode.debug.xcconfig */;
			buildSettings = {
				ASSETCATALOG_COMPILER_APPICON_NAME = AppIcon;
				CODE_SIGN_STYLE = Automatic;
				INFOPLIST_FILE = PGDatePickerMode/Info.plist;
				LD_RUNPATH_SEARCH_PATHS = "$(inherited) @executable_path/Frameworks";
				PRODUCT_BUNDLE_IDENTIFIER = ddd.PGDatePickerMode;
				PRODUCT_NAME = "$(TARGET_NAME)";
				TARGETED_DEVICE_FAMILY = "1,2";
			};
			name = Debug;
		};
		78A9103220AD25A900095340 /* Release */ = {
			isa = XCBuildConfiguration;
			baseConfigurationReference = 9FE27FACE6CC3B67D677879E /* Pods-PGDatePickerMode.release.xcconfig */;
			buildSettings = {
				ASSETCATALOG_COMPILER_APPICON_NAME = AppIcon;
				CODE_SIGN_STYLE = Automatic;
				INFOPLIST_FILE = PGDatePickerMode/Info.plist;
				LD_RUNPATH_SEARCH_PATHS = "$(inherited) @executable_path/Frameworks";
				PRODUCT_BUNDLE_IDENTIFIER = ddd.PGDatePickerMode;
				PRODUCT_NAME = "$(TARGET_NAME)";
				TARGETED_DEVICE_FAMILY = "1,2";
			};
			name = Release;
		};
		78A9103420AD25A900095340 /* Debug */ = {
			isa = XCBuildConfiguration;
			buildSettings = {
				BUNDLE_LOADER = "$(TEST_HOST)";
				CODE_SIGN_STYLE = Automatic;
				INFOPLIST_FILE = PGDatePickerModeTests/Info.plist;
				LD_RUNPATH_SEARCH_PATHS = "$(inherited) @executable_path/Frameworks @loader_path/Frameworks";
				PRODUCT_BUNDLE_IDENTIFIER = ddd.PGDatePickerModeTests;
				PRODUCT_NAME = "$(TARGET_NAME)";
				TARGETED_DEVICE_FAMILY = "1,2";
				TEST_HOST = "$(BUILT_PRODUCTS_DIR)/PGDatePickerMode.app/PGDatePickerMode";
			};
			name = Debug;
		};
		78A9103520AD25A900095340 /* Release */ = {
			isa = XCBuildConfiguration;
			buildSettings = {
				BUNDLE_LOADER = "$(TEST_HOST)";
				CODE_SIGN_STYLE = Automatic;
				INFOPLIST_FILE = PGDatePickerModeTests/Info.plist;
				LD_RUNPATH_SEARCH_PATHS = "$(inherited) @executable_path/Frameworks @loader_path/Frameworks";
				PRODUCT_BUNDLE_IDENTIFIER = ddd.PGDatePickerModeTests;
				PRODUCT_NAME = "$(TARGET_NAME)";
				TARGETED_DEVICE_FAMILY = "1,2";
				TEST_HOST = "$(BUILT_PRODUCTS_DIR)/PGDatePickerMode.app/PGDatePickerMode";
			};
			name = Release;
		};
		78A9103720AD25A900095340 /* Debug */ = {
			isa = XCBuildConfiguration;
			buildSettings = {
				CODE_SIGN_STYLE = Automatic;
				INFOPLIST_FILE = PGDatePickerModeUITests/Info.plist;
				LD_RUNPATH_SEARCH_PATHS = "$(inherited) @executable_path/Frameworks @loader_path/Frameworks";
				PRODUCT_BUNDLE_IDENTIFIER = ddd.PGDatePickerModeUITests;
				PRODUCT_NAME = "$(TARGET_NAME)";
				TARGETED_DEVICE_FAMILY = "1,2";
				TEST_TARGET_NAME = PGDatePickerMode;
			};
			name = Debug;
		};
		78A9103820AD25A900095340 /* Release */ = {
			isa = XCBuildConfiguration;
			buildSettings = {
				CODE_SIGN_STYLE = Automatic;
				INFOPLIST_FILE = PGDatePickerModeUITests/Info.plist;
				LD_RUNPATH_SEARCH_PATHS = "$(inherited) @executable_path/Frameworks @loader_path/Frameworks";
				PRODUCT_BUNDLE_IDENTIFIER = ddd.PGDatePickerModeUITests;
				PRODUCT_NAME = "$(TARGET_NAME)";
				TARGETED_DEVICE_FAMILY = "1,2";
				TEST_TARGET_NAME = PGDatePickerMode;
			};
			name = Release;
		};
/* End XCBuildConfiguration section */

/* Begin XCConfigurationList section */
		78A90FFF20AD25A900095340 /* Build configuration list for PBXProject "PGDatePickerMode" */ = {
			isa = XCConfigurationList;
			buildConfigurations = (
				78A9102E20AD25A900095340 /* Debug */,
				78A9102F20AD25A900095340 /* Release */,
			);
			defaultConfigurationIsVisible = 0;
			defaultConfigurationName = Release;
		};
		78A9103020AD25A900095340 /* Build configuration list for PBXNativeTarget "PGDatePickerMode" */ = {
			isa = XCConfigurationList;
			buildConfigurations = (
				78A9103120AD25A900095340 /* Debug */,
				78A9103220AD25A900095340 /* Release */,
			);
			defaultConfigurationIsVisible = 0;
			defaultConfigurationName = Release;
		};
		78A9103320AD25A900095340 /* Build configuration list for PBXNativeTarget "PGDatePickerModeTests" */ = {
			isa = XCConfigurationList;
			buildConfigurations = (
				78A9103420AD25A900095340 /* Debug */,
				78A9103520AD25A900095340 /* Release */,
			);
			defaultConfigurationIsVisible = 0;
			defaultConfigurationName = Release;
		};
		78A9103620AD25A900095340 /* Build configuration list for PBXNativeTarget "PGDatePickerModeUITests" */ = {
			isa = XCConfigurationList;
			buildConfigurations = (
				78A9103720AD25A900095340 /* Debug */,
				78A9103820AD25A900095340 /* Release */,
			);
			defaultConfigurationIsVisible = 0;
			defaultConfigurationName = Release;
		};
/* End XCConfigurationList section */
	};
	rootObject = 78A90FFC20AD25A900095340 /* Project object */;
}
